// !$*UTF8*$!
{
	archiveVersion = 1;
	classes = {
	};
	objectVersion = 52;
	objects = {

/* Begin PBXBuildFile section */
		0207DA581B56EA530066E2B4 /* Images.xcassets in Resources */ = {isa = PBXBuildFile; fileRef = 0207DA571B56EA530066E2B4 /* Images.xcassets */; };
		08AA295F47B34DD985A088CE /* CDVBarcodeScanner.mm in Sources */ = {isa = PBXBuildFile; fileRef = F85C533D12604F6AAA21ECDA /* CDVBarcodeScanner.mm */; };
		0B59D0C1E6584C438482145D /* AddressBook.framework in Frameworks */ = {isa = PBXBuildFile; fileRef = D6D2F68F11EB44EA878B29AA /* AddressBook.framework */; };
		0C7909FB4885473CAF3758B9 /* CDVWKProcessPoolFactory.m in Sources */ = {isa = PBXBuildFile; fileRef = 05C12C71A220476896CDCF2A /* CDVWKProcessPoolFactory.m */; };
		0E3221896CB14188A7404B30 /* Diagnostic_Wifi.m in Sources */ = {isa = PBXBuildFile; fileRef = 09FC26966DD547A894A948EE /* Diagnostic_Wifi.m */; };
		18BDC57B48A84889BFCD36AE /* WebKit.framework in Frameworks */ = {isa = PBXBuildFile; fileRef = AA671262C56F40CDADF81D8A /* WebKit.framework */; settings = {ATTRIBUTES = (Weak, ); }; };
		1AE75D63E08249008C869C35 /* CDVWKWebViewEngine.m in Sources */ = {isa = PBXBuildFile; fileRef = 109971AFC2614EE8AD3FB2D8 /* CDVWKWebViewEngine.m */; };
		1C92520B426F4F159ACD5636 /* FirebasePluginMessageReceiver.m in Sources */ = {isa = PBXBuildFile; fileRef = 6455E33560AB41D0A1A31252 /* FirebasePluginMessageReceiver.m */; };
		1D3623260D0F684500981E51 /* AppDelegate.m in Sources */ = {isa = PBXBuildFile; fileRef = 1D3623250D0F684500981E51 /* AppDelegate.m */; };
		1D60589B0D05DD56006BFB54 /* main.m in Sources */ = {isa = PBXBuildFile; fileRef = 29B97316FDCFA39411CA2CEA /* main.m */; };
		2199B87919644E348300BEFD /* AppVersion.m in Sources */ = {isa = PBXBuildFile; fileRef = 05EEB98AA307442D852562D1 /* AppVersion.m */; };
		28DB76FC617F4280BA3AC413 /* UIImage+CropScaleOrientation.m in Sources */ = {isa = PBXBuildFile; fileRef = D28446333BDB428389D48DD7 /* UIImage+CropScaleOrientation.m */; };
		2D7EDA53BCE1449CA89BC00F /* SystemConfiguration.framework in Frameworks */ = {isa = PBXBuildFile; fileRef = 351F27014ADE49B6A832067B /* SystemConfiguration.framework */; };
		2EB232C077D64995A152BB8E /* CDVJpegHeaderWriter.m in Sources */ = {isa = PBXBuildFile; fileRef = CC1F2DD0A0E54CD2A9CB0D27 /* CDVJpegHeaderWriter.m */; };
		301BF552109A68D80062928A /* libCordova.a in Frameworks */ = {isa = PBXBuildFile; fileRef = 301BF535109A57CC0062928A /* libCordova.a */; settings = {ATTRIBUTES = (Required, ); }; };
		302D95F114D2391D003F00A1 /* MainViewController.m in Sources */ = {isa = PBXBuildFile; fileRef = 302D95EF14D2391D003F00A1 /* MainViewController.m */; };
		302D95F214D2391D003F00A1 /* MainViewController.xib in Resources */ = {isa = PBXBuildFile; fileRef = 302D95F014D2391D003F00A1 /* MainViewController.xib */; };
		39C565F1F0B343069D495BF2 /* Diagnostic_Microphone.m in Sources */ = {isa = PBXBuildFile; fileRef = 21EEA03F20D94164A977E4B1 /* Diagnostic_Microphone.m */; };
		3BF7BC62C2284842B5D438F8 /* CDVBarcodeScanner.bundle in Resources */ = {isa = PBXBuildFile; fileRef = 703AA79651324525A64298E3 /* CDVBarcodeScanner.bundle */; };
		3E14B15F20FD4AE48CE06F86 /* CDVViewController+SplashScreen.m in Sources */ = {isa = PBXBuildFile; fileRef = CC37CF34477944B09A58DBBC /* CDVViewController+SplashScreen.m */; };
		411020790E5044AFB43097F6 /* CDVSplashScreen.m in Sources */ = {isa = PBXBuildFile; fileRef = 2CC11C25714C4A2EB8382CAF /* CDVSplashScreen.m */; };
		419FDED6888A40A284932022 /* CDVDevice.m in Sources */ = {isa = PBXBuildFile; fileRef = 7042FB82B4F4493697D382AA /* CDVDevice.m */; };
		43D33044AC48449A8810C38A /* GoogleService-Info.plist in Resources */ = {isa = PBXBuildFile; fileRef = 2CB96D0FC8FC4584B535AFF8 /* GoogleService-Info.plist */; };
		46D8F64892A142EE86C6FD08 /* DatePicker.m in Sources */ = {isa = PBXBuildFile; fileRef = 1718333E6164460681E0FEC6 /* DatePicker.m */; };
		4CBF3D307E36460DBB9D4E68 /* CDVStatusBar.m in Sources */ = {isa = PBXBuildFile; fileRef = 9D9397ED8B9F461082BA01E3 /* CDVStatusBar.m */; };
		521D4CA93D6342908EC67A2B /* CoreBluetooth.framework in Frameworks */ = {isa = PBXBuildFile; fileRef = 2E172D72030B46D6ADB78E73 /* CoreBluetooth.framework */; };
		5419EE4A7D8A469192264B1A /* scannerOverlay.xib in Resources */ = {isa = PBXBuildFile; fileRef = 684A75061263492E8E822EFA /* scannerOverlay.xib */; };
		5E3F757E6B3F459E8C1A02A6 /* CDVLocation.m in Sources */ = {isa = PBXBuildFile; fileRef = 5ADE5D14604C49858CE4B83F /* CDVLocation.m */; };
		625E6093ADF647DEBDDB12C3 /* PhotoViewer.m in Sources */ = {isa = PBXBuildFile; fileRef = F06C3159B67D47A9B8BC47D7 /* PhotoViewer.m */; };
		629CF434167E49D194C146E0 /* Contacts.framework in Frameworks */ = {isa = PBXBuildFile; fileRef = 401AF04F965C4D169AB05AB8 /* Contacts.framework */; };
		6860E0B436404435BA4E4D8A /* EventKit.framework in Frameworks */ = {isa = PBXBuildFile; fileRef = 111A4E7FA36949939C55580E /* EventKit.framework */; };
		6AFF5BF91D6E424B00AB3073 /* CDVLaunchScreen.storyboard in Resources */ = {isa = PBXBuildFile; fileRef = 6AFF5BF81D6E424B00AB3073 /* CDVLaunchScreen.storyboard */; };
		73AA0E9B5B4F4983B4C9A32C /* CDVWKWebViewUIDelegate.m in Sources */ = {isa = PBXBuildFile; fileRef = BFA6B2A53F7749FCAEB75D7B /* CDVWKWebViewUIDelegate.m */; };
		73C691F6E5544E20B5F5558F /* CDVConnection.m in Sources */ = {isa = PBXBuildFile; fileRef = C50E84F05C5F4FA29982B739 /* CDVConnection.m */; };
		7787C1BC3BC34531BDF155AB /* NetworkExtension.framework in Frameworks */ = {isa = PBXBuildFile; fileRef = 18B2E4B74B6C4ED7942F4780 /* NetworkExtension.framework */; };
		803FAD01A69F437A95C80AA7 /* ImageIO.framework in Frameworks */ = {isa = PBXBuildFile; fileRef = 42F60245ADF24F7689E5EFBC /* ImageIO.framework */; settings = {ATTRIBUTES = (Weak, ); }; };
		852CDECE15814AC6B71CF82F /* AudioToolbox.framework in Frameworks */ = {isa = PBXBuildFile; fileRef = E445A634A147415BABE34593 /* AudioToolbox.framework */; };
		882F348AB9FA4FFD8ACAC23D /* Photos.framework in Frameworks */ = {isa = PBXBuildFile; fileRef = 19E02D6AB4154B3981A6FB67 /* Photos.framework */; };
		90505B0CEB374B4CBEC8248F /* Diagnostic_Notifications.m in Sources */ = {isa = PBXBuildFile; fileRef = 7160D16EBCB04A92A2C15E3F /* Diagnostic_Notifications.m */; };
		910EFB2DF2D74FFC8A3389BC /* RequestLocationAccuracy.m in Sources */ = {isa = PBXBuildFile; fileRef = C8F627F59858472B87ABEBBD /* RequestLocationAccuracy.m */; };
		97FEC17C048D405C983469D8 /* DatePicker.xib in Resources */ = {isa = PBXBuildFile; fileRef = 0CA127C7A04F45339C1DB5F6 /* DatePicker.xib */; };
		9889B69C4EF24FC5AC291918 /* Diagnostic_Camera.m in Sources */ = {isa = PBXBuildFile; fileRef = CC1AF65EE64C4FA3A19FCF94 /* Diagnostic_Camera.m */; };
		9E1CF524FE9D4413878FD4E0 /* Diagnostic_Calendar.m in Sources */ = {isa = PBXBuildFile; fileRef = 5426A7AD2C864D31B59B92DA /* Diagnostic_Calendar.m */; };
		A12D47E9A99945EE91ACD81D /* FirebasePluginMessageReceiverManager.m in Sources */ = {isa = PBXBuildFile; fileRef = 85118EDE57484B00A6E3EDD3 /* FirebasePluginMessageReceiverManager.m */; };
		A13F11FC82DF419EB9BB2904 /* UserNotifications.framework in Frameworks */ = {isa = PBXBuildFile; fileRef = 9396B9CE0E574020A8D9D7FC /* UserNotifications.framework */; };
		A29547532CDF4531B7E21475 /* CoreMotion.framework in Frameworks */ = {isa = PBXBuildFile; fileRef = 7CFD0BCE66C44668A0D39173 /* CoreMotion.framework */; };
		A68F7694B8564C819E2AA269 /* Diagnostic_Reminders.m in Sources */ = {isa = PBXBuildFile; fileRef = A255FF3FFACE4366A5E9605C /* Diagnostic_Reminders.m */; };
		A9AE47C5BA5147E6AA0E422A /* NXWWifiWizard.m in Sources */ = {isa = PBXBuildFile; fileRef = 403CE80671FE4C6796A8692C /* NXWWifiWizard.m */; };
		A9DC6CB401B44148A5DD6BC7 /* AVFoundation.framework in Frameworks */ = {isa = PBXBuildFile; fileRef = DCF1EC1352FE4C6980A3CA2C /* AVFoundation.framework */; };
		ADC45812430B4FD2A92D4E1A /* CoreTelephony.framework in Frameworks */ = {isa = PBXBuildFile; fileRef = 763A5975DA394E0A9AA6121D /* CoreTelephony.framework */; };
		B1C89D9129E2473FB2985BB6 /* Diagnostic_Bluetooth.m in Sources */ = {isa = PBXBuildFile; fileRef = 27D7B7E8E8F7446F8556A606 /* Diagnostic_Bluetooth.m */; };
		B716677A741F4C67854CC2B0 /* IONAssetHandler.m in Sources */ = {isa = PBXBuildFile; fileRef = CEE9C74C88CE436394032A9F /* IONAssetHandler.m */; };
		B8CE12A81CFBF4D1947B1DF7 /* Pods_AgriPro_Farmer.framework in Frameworks */ = {isa = PBXBuildFile; fileRef = 4D657909CB6A7B497867A76F /* Pods_AgriPro_Farmer.framework */; };
		BE49902131044E07A321A6BA /* AuthenticationServices.framework in Frameworks */ = {isa = PBXBuildFile; fileRef = D9A71AFE3CFD4834AA3615B9 /* AuthenticationServices.framework */; };
		C03CEB2A524A49719313B78A /* CDVIonicKeyboard.m in Sources */ = {isa = PBXBuildFile; fileRef = 5037427A08AA4B1EA4C69542 /* CDVIonicKeyboard.m */; };
		C4515844742A47D8B5AA151D /* Diagnostic_Motion.m in Sources */ = {isa = PBXBuildFile; fileRef = 6C73B98D3E8F4CEE89FF9BB7 /* Diagnostic_Motion.m */; };
		C6454ED883DE4FF8978FE972 /* CDVCamera.m in Sources */ = {isa = PBXBuildFile; fileRef = 9E0F7442146E4AF7A8A14F97 /* CDVCamera.m */; };
		CACC9F38354C4996BF9E10EF /* CDVReachability.m in Sources */ = {isa = PBXBuildFile; fileRef = 96E3876553E74E9A8B180CBF /* CDVReachability.m */; };
		CE00AF0B08A847439235E340 /* Diagnostic_Location.m in Sources */ = {isa = PBXBuildFile; fileRef = 9319FD58568C46769BDF64C5 /* Diagnostic_Location.m */; };
		CEF412DC26274D8CB6572415 /* AppDelegate+FirebasePlugin.m in Sources */ = {isa = PBXBuildFile; fileRef = B65FD1DA5E0749CF86A21E4A /* AppDelegate+FirebasePlugin.m */; };
		E1EE7CA71CD44862B637B938 /* CoreLocation.framework in Frameworks */ = {isa = PBXBuildFile; fileRef = C90D27B501AF4327B9E7A4A0 /* CoreLocation.framework */; };
		E50DF39601224B1DB33624FE /* FirebasePlugin.m in Sources */ = {isa = PBXBuildFile; fileRef = 6BF60BD11B074EF2891377EF /* FirebasePlugin.m */; };
		E5E1897AFF2B42CA91CF879B /* WifiWizard2.m in Sources */ = {isa = PBXBuildFile; fileRef = A3214006AB684BA2ACA1DE9D /* WifiWizard2.m */; };
		F97D0437B3BD42B6B3A1F26B /* Diagnostic.m in Sources */ = {isa = PBXBuildFile; fileRef = 155DA1807E154AF58E48E4C9 /* Diagnostic.m */; };
		FE7EA19841C54E328BB5D2E9 /* Diagnostic_Contacts.m in Sources */ = {isa = PBXBuildFile; fileRef = 330E3AEF0FA142C8BFC6B11E /* Diagnostic_Contacts.m */; };
/* End PBXBuildFile section */

/* Begin PBXContainerItemProxy section */
		301BF534109A57CC0062928A /* PBXContainerItemProxy */ = {
			isa = PBXContainerItemProxy;
			containerPortal = 301BF52D109A57CC0062928A /* CordovaLib.xcodeproj */;
			proxyType = 2;
			remoteGlobalIDString = D2AAC07E0554694100DB518D;
			remoteInfo = CordovaLib;
		};
		301BF550109A68C00062928A /* PBXContainerItemProxy */ = {
			isa = PBXContainerItemProxy;
			containerPortal = 301BF52D109A57CC0062928A /* CordovaLib.xcodeproj */;
			proxyType = 1;
			remoteGlobalIDString = D2AAC07D0554694100DB518D;
			remoteInfo = CordovaLib;
		};
		907D8123214C687600058A10 /* PBXContainerItemProxy */ = {
			isa = PBXContainerItemProxy;
			containerPortal = 301BF52D109A57CC0062928A /* CordovaLib.xcodeproj */;
			proxyType = 2;
			remoteGlobalIDString = C0C01EB21E3911D50056E6CB;
			remoteInfo = Cordova;
		};
/* End PBXContainerItemProxy section */

/* Begin PBXFileReference section */
		0207DA571B56EA530066E2B4 /* Images.xcassets */ = {isa = PBXFileReference; lastKnownFileType = folder.assetcatalog; name = Images.xcassets; path = "AgriPro Farmer/Images.xcassets"; sourceTree = SOURCE_ROOT; };
		05C12C71A220476896CDCF2A /* CDVWKProcessPoolFactory.m */ = {isa = PBXFileReference; explicitFileType = undefined; fileEncoding = 4; includeInIndex = 0; lastKnownFileType = sourcecode.c.objc; name = CDVWKProcessPoolFactory.m; path = "cordova-plugin-ionic-webview/CDVWKProcessPoolFactory.m"; sourceTree = "<group>"; };
		05EEB98AA307442D852562D1 /* AppVersion.m */ = {isa = PBXFileReference; explicitFileType = undefined; fileEncoding = 4; includeInIndex = 0; lastKnownFileType = sourcecode.c.objc; name = AppVersion.m; path = "cordova-plugin-app-version/AppVersion.m"; sourceTree = "<group>"; };
		07863A672224488F910A8050 /* CDVWKProcessPoolFactory.h */ = {isa = PBXFileReference; explicitFileType = undefined; fileEncoding = 4; includeInIndex = 0; lastKnownFileType = sourcecode.c.h; name = CDVWKProcessPoolFactory.h; path = "cordova-plugin-ionic-webview/CDVWKProcessPoolFactory.h"; sourceTree = "<group>"; };
		09FC26966DD547A894A948EE /* Diagnostic_Wifi.m */ = {isa = PBXFileReference; explicitFileType = undefined; fileEncoding = 4; includeInIndex = 0; lastKnownFileType = sourcecode.c.objc; name = Diagnostic_Wifi.m; path = cordova.plugins.diagnostic/Diagnostic_Wifi.m; sourceTree = "<group>"; };
		0CA127C7A04F45339C1DB5F6 /* DatePicker.xib */ = {isa = PBXFileReference; explicitFileType = undefined; fileEncoding = 9; includeInIndex = 0; lastKnownFileType = file.xib; path = DatePicker.xib; sourceTree = "<group>"; };
		0D475466D4D2468FA2E289D6 /* CDVDevice.h */ = {isa = PBXFileReference; explicitFileType = undefined; fileEncoding = 4; includeInIndex = 0; lastKnownFileType = sourcecode.c.h; name = CDVDevice.h; path = "cordova-plugin-device/CDVDevice.h"; sourceTree = "<group>"; };
		109971AFC2614EE8AD3FB2D8 /* CDVWKWebViewEngine.m */ = {isa = PBXFileReference; explicitFileType = undefined; fileEncoding = 4; includeInIndex = 0; lastKnownFileType = sourcecode.c.objc; name = CDVWKWebViewEngine.m; path = "cordova-plugin-ionic-webview/CDVWKWebViewEngine.m"; sourceTree = "<group>"; };
		111A4E7FA36949939C55580E /* EventKit.framework */ = {isa = PBXFileReference; explicitFileType = undefined; fileEncoding = 9; includeInIndex = 0; lastKnownFileType = wrapper.framework; name = EventKit.framework; path = System/Library/Frameworks/EventKit.framework; sourceTree = SDKROOT; };
		12C41D4807364AA882B238E8 /* FirebasePluginMessageReceiver.h */ = {isa = PBXFileReference; explicitFileType = undefined; fileEncoding = 4; includeInIndex = 0; lastKnownFileType = sourcecode.c.h; name = FirebasePluginMessageReceiver.h; path = "cordova-plugin-firebasex/FirebasePluginMessageReceiver.h"; sourceTree = "<group>"; };
		13E3FE9B6D0646BDA2FF4968 /* NXWWifiWizard.h */ = {isa = PBXFileReference; explicitFileType = undefined; fileEncoding = 4; includeInIndex = 0; lastKnownFileType = sourcecode.c.h; name = NXWWifiWizard.h; path = com.pylonproducts.wifiwizard/NXWWifiWizard.h; sourceTree = "<group>"; };
		142B6B8E66844CE3AE4B4586 /* FirebasePlugin.h */ = {isa = PBXFileReference; explicitFileType = undefined; fileEncoding = 4; includeInIndex = 0; lastKnownFileType = sourcecode.c.h; name = FirebasePlugin.h; path = "cordova-plugin-firebasex/FirebasePlugin.h"; sourceTree = "<group>"; };
		155DA1807E154AF58E48E4C9 /* Diagnostic.m */ = {isa = PBXFileReference; explicitFileType = undefined; fileEncoding = 4; includeInIndex = 0; lastKnownFileType = sourcecode.c.objc; name = Diagnostic.m; path = cordova.plugins.diagnostic/Diagnostic.m; sourceTree = "<group>"; };
		1718333E6164460681E0FEC6 /* DatePicker.m */ = {isa = PBXFileReference; explicitFileType = undefined; fileEncoding = 4; includeInIndex = 0; lastKnownFileType = sourcecode.c.objc; name = DatePicker.m; path = "cordova-plugin-datepicker/DatePicker.m"; sourceTree = "<group>"; };
		1748E3F844AE4BFDB19F0E13 /* CDVExif.h */ = {isa = PBXFileReference; explicitFileType = undefined; fileEncoding = 4; includeInIndex = 0; lastKnownFileType = sourcecode.c.h; name = CDVExif.h; path = "cordova-plugin-camera/CDVExif.h"; sourceTree = "<group>"; };
		18B2E4B74B6C4ED7942F4780 /* NetworkExtension.framework */ = {isa = PBXFileReference; explicitFileType = undefined; fileEncoding = 9; includeInIndex = 0; lastKnownFileType = wrapper.framework; name = NetworkExtension.framework; path = System/Library/Frameworks/NetworkExtension.framework; sourceTree = SDKROOT; };
		19E02D6AB4154B3981A6FB67 /* Photos.framework */ = {isa = PBXFileReference; explicitFileType = undefined; fileEncoding = 9; includeInIndex = 0; lastKnownFileType = wrapper.framework; name = Photos.framework; path = System/Library/Frameworks/Photos.framework; sourceTree = SDKROOT; };
		1D3623240D0F684500981E51 /* AppDelegate.h */ = {isa = PBXFileReference; fileEncoding = 4; lastKnownFileType = sourcecode.c.h; path = AppDelegate.h; sourceTree = "<group>"; };
		1D3623250D0F684500981E51 /* AppDelegate.m */ = {isa = PBXFileReference; fileEncoding = 4; lastKnownFileType = sourcecode.c.objc; path = AppDelegate.m; sourceTree = "<group>"; };
		1D6058910D05DD3D006BFB54 /* AgriPro Farmer.app */ = {isa = PBXFileReference; explicitFileType = wrapper.application; includeInIndex = 0; path = "AgriPro Farmer.app"; sourceTree = BUILT_PRODUCTS_DIR; };
		1F9A87BE5F4141BF808927FE /* CDVWKWebViewUIDelegate.h */ = {isa = PBXFileReference; explicitFileType = undefined; fileEncoding = 4; includeInIndex = 0; lastKnownFileType = sourcecode.c.h; name = CDVWKWebViewUIDelegate.h; path = "cordova-plugin-ionic-webview/CDVWKWebViewUIDelegate.h"; sourceTree = "<group>"; };
		21EEA03F20D94164A977E4B1 /* Diagnostic_Microphone.m */ = {isa = PBXFileReference; explicitFileType = undefined; fileEncoding = 4; includeInIndex = 0; lastKnownFileType = sourcecode.c.objc; name = Diagnostic_Microphone.m; path = cordova.plugins.diagnostic/Diagnostic_Microphone.m; sourceTree = "<group>"; };
		262911903D8A4160B0A18269 /* UIImage+CropScaleOrientation.h */ = {isa = PBXFileReference; explicitFileType = undefined; fileEncoding = 4; includeInIndex = 0; lastKnownFileType = sourcecode.c.h; name = "UIImage+CropScaleOrientation.h"; path = "cordova-plugin-camera/UIImage+CropScaleOrientation.h"; sourceTree = "<group>"; };
		27D7B7E8E8F7446F8556A606 /* Diagnostic_Bluetooth.m */ = {isa = PBXFileReference; explicitFileType = undefined; fileEncoding = 4; includeInIndex = 0; lastKnownFileType = sourcecode.c.objc; name = Diagnostic_Bluetooth.m; path = cordova.plugins.diagnostic/Diagnostic_Bluetooth.m; sourceTree = "<group>"; };
		29B97316FDCFA39411CA2CEA /* main.m */ = {isa = PBXFileReference; fileEncoding = 4; lastKnownFileType = sourcecode.c.objc; path = main.m; sourceTree = "<group>"; };
		2CB96D0FC8FC4584B535AFF8 /* GoogleService-Info.plist */ = {isa = PBXFileReference; explicitFileType = undefined; fileEncoding = 4; includeInIndex = 0; lastKnownFileType = text.plist.xml; path = "GoogleService-Info.plist"; sourceTree = "<group>"; };
		2CC11C25714C4A2EB8382CAF /* CDVSplashScreen.m */ = {isa = PBXFileReference; explicitFileType = undefined; fileEncoding = 4; includeInIndex = 0; lastKnownFileType = sourcecode.c.objc; name = CDVSplashScreen.m; path = "cordova-plugin-splashscreen/CDVSplashScreen.m"; sourceTree = "<group>"; };
		2E172D72030B46D6ADB78E73 /* CoreBluetooth.framework */ = {isa = PBXFileReference; explicitFileType = undefined; fileEncoding = 9; includeInIndex = 0; lastKnownFileType = wrapper.framework; name = CoreBluetooth.framework; path = System/Library/Frameworks/CoreBluetooth.framework; sourceTree = SDKROOT; };
		301BF52D109A57CC0062928A /* CordovaLib.xcodeproj */ = {isa = PBXFileReference; lastKnownFileType = "wrapper.pb-project"; name = CordovaLib.xcodeproj; path = CordovaLib/CordovaLib.xcodeproj; sourceTree = "<group>"; };
		301BF56E109A69640062928A /* www */ = {isa = PBXFileReference; lastKnownFileType = folder; path = www; sourceTree = SOURCE_ROOT; };
		302D95EE14D2391D003F00A1 /* MainViewController.h */ = {isa = PBXFileReference; fileEncoding = 4; lastKnownFileType = sourcecode.c.h; path = MainViewController.h; sourceTree = "<group>"; };
		302D95EF14D2391D003F00A1 /* MainViewController.m */ = {isa = PBXFileReference; fileEncoding = 4; lastKnownFileType = sourcecode.c.objc; path = MainViewController.m; sourceTree = "<group>"; };
		302D95F014D2391D003F00A1 /* MainViewController.xib */ = {isa = PBXFileReference; fileEncoding = 4; lastKnownFileType = file.xib; path = MainViewController.xib; sourceTree = "<group>"; };
		3047A50F1AB8059700498E2A /* build-debug.xcconfig */ = {isa = PBXFileReference; fileEncoding = 4; lastKnownFileType = text.xcconfig; name = "build-debug.xcconfig"; path = "cordova/build-debug.xcconfig"; sourceTree = SOURCE_ROOT; };
		3047A5101AB8059700498E2A /* build-release.xcconfig */ = {isa = PBXFileReference; fileEncoding = 4; lastKnownFileType = text.xcconfig; name = "build-release.xcconfig"; path = "cordova/build-release.xcconfig"; sourceTree = SOURCE_ROOT; };
		3047A5111AB8059700498E2A /* build.xcconfig */ = {isa = PBXFileReference; fileEncoding = 4; lastKnownFileType = text.xcconfig; name = build.xcconfig; path = cordova/build.xcconfig; sourceTree = SOURCE_ROOT; };
		32CA4F630368D1EE00C91783 /* AgriPro Farmer-Prefix.pch */ = {isa = PBXFileReference; fileEncoding = 4; lastKnownFileType = sourcecode.c.h; path = "AgriPro Farmer-Prefix.pch"; sourceTree = "<group>"; };
		330E3AEF0FA142C8BFC6B11E /* Diagnostic_Contacts.m */ = {isa = PBXFileReference; explicitFileType = undefined; fileEncoding = 4; includeInIndex = 0; lastKnownFileType = sourcecode.c.objc; name = Diagnostic_Contacts.m; path = cordova.plugins.diagnostic/Diagnostic_Contacts.m; sourceTree = "<group>"; };
		351F27014ADE49B6A832067B /* SystemConfiguration.framework */ = {isa = PBXFileReference; explicitFileType = undefined; fileEncoding = 9; includeInIndex = 0; lastKnownFileType = wrapper.framework; name = SystemConfiguration.framework; path = System/Library/Frameworks/SystemConfiguration.framework; sourceTree = SDKROOT; };
		3AFBB50CC10F48E4961E43BD /* Diagnostic_Notifications.h */ = {isa = PBXFileReference; explicitFileType = undefined; fileEncoding = 4; includeInIndex = 0; lastKnownFileType = sourcecode.c.h; name = Diagnostic_Notifications.h; path = cordova.plugins.diagnostic/Diagnostic_Notifications.h; sourceTree = "<group>"; };
		3E98B16ADF00414ABFF55CBA /* Diagnostic_Motion.h */ = {isa = PBXFileReference; explicitFileType = undefined; fileEncoding = 4; includeInIndex = 0; lastKnownFileType = sourcecode.c.h; name = Diagnostic_Motion.h; path = cordova.plugins.diagnostic/Diagnostic_Motion.h; sourceTree = "<group>"; };
		3FF7A59C60D44353825FCF2E /* CDVJpegHeaderWriter.h */ = {isa = PBXFileReference; explicitFileType = undefined; fileEncoding = 4; includeInIndex = 0; lastKnownFileType = sourcecode.c.h; name = CDVJpegHeaderWriter.h; path = "cordova-plugin-camera/CDVJpegHeaderWriter.h"; sourceTree = "<group>"; };
		401AF04F965C4D169AB05AB8 /* Contacts.framework */ = {isa = PBXFileReference; explicitFileType = undefined; fileEncoding = 9; includeInIndex = 0; lastKnownFileType = wrapper.framework; name = Contacts.framework; path = System/Library/Frameworks/Contacts.framework; sourceTree = SDKROOT; };
		403CE80671FE4C6796A8692C /* NXWWifiWizard.m */ = {isa = PBXFileReference; explicitFileType = undefined; fileEncoding = 4; includeInIndex = 0; lastKnownFileType = sourcecode.c.objc; name = NXWWifiWizard.m; path = com.pylonproducts.wifiwizard/NXWWifiWizard.m; sourceTree = "<group>"; };
		42F60245ADF24F7689E5EFBC /* ImageIO.framework */ = {isa = PBXFileReference; explicitFileType = undefined; fileEncoding = 9; includeInIndex = 0; lastKnownFileType = wrapper.framework; name = ImageIO.framework; path = System/Library/Frameworks/ImageIO.framework; sourceTree = SDKROOT; };
		4D657909CB6A7B497867A76F /* Pods_AgriPro_Farmer.framework */ = {isa = PBXFileReference; explicitFileType = wrapper.framework; includeInIndex = 0; path = Pods_AgriPro_Farmer.framework; sourceTree = BUILT_PRODUCTS_DIR; };
		4FB718C720E245C0A6A01D14 /* CDVReachability.h */ = {isa = PBXFileReference; explicitFileType = undefined; fileEncoding = 4; includeInIndex = 0; lastKnownFileType = sourcecode.c.h; name = CDVReachability.h; path = "cordova-plugin-network-information/CDVReachability.h"; sourceTree = "<group>"; };
		5037427A08AA4B1EA4C69542 /* CDVIonicKeyboard.m */ = {isa = PBXFileReference; explicitFileType = undefined; fileEncoding = 4; includeInIndex = 0; lastKnownFileType = sourcecode.c.objc; name = CDVIonicKeyboard.m; path = "cordova-plugin-ionic-keyboard/CDVIonicKeyboard.m"; sourceTree = "<group>"; };
		52B391118ADA42748F445997 /* Diagnostic_Reminders.h */ = {isa = PBXFileReference; explicitFileType = undefined; fileEncoding = 4; includeInIndex = 0; lastKnownFileType = sourcecode.c.h; name = Diagnostic_Reminders.h; path = cordova.plugins.diagnostic/Diagnostic_Reminders.h; sourceTree = "<group>"; };
		52DC4A2A507446E39CA74556 /* CDVIonicKeyboard.h */ = {isa = PBXFileReference; explicitFileType = undefined; fileEncoding = 4; includeInIndex = 0; lastKnownFileType = sourcecode.c.h; name = CDVIonicKeyboard.h; path = "cordova-plugin-ionic-keyboard/CDVIonicKeyboard.h"; sourceTree = "<group>"; };
		5426A7AD2C864D31B59B92DA /* Diagnostic_Calendar.m */ = {isa = PBXFileReference; explicitFileType = undefined; fileEncoding = 4; includeInIndex = 0; lastKnownFileType = sourcecode.c.objc; name = Diagnostic_Calendar.m; path = cordova.plugins.diagnostic/Diagnostic_Calendar.m; sourceTree = "<group>"; };
		544F82160E1D496187FCB84D /* AppDelegate+FirebasePlugin.h */ = {isa = PBXFileReference; explicitFileType = undefined; fileEncoding = 4; includeInIndex = 0; lastKnownFileType = sourcecode.c.h; name = "AppDelegate+FirebasePlugin.h"; path = "cordova-plugin-firebasex/AppDelegate+FirebasePlugin.h"; sourceTree = "<group>"; };
		5ADE5D14604C49858CE4B83F /* CDVLocation.m */ = {isa = PBXFileReference; explicitFileType = undefined; fileEncoding = 4; includeInIndex = 0; lastKnownFileType = sourcecode.c.objc; name = CDVLocation.m; path = "cordova-plugin-geolocation/CDVLocation.m"; sourceTree = "<group>"; };
		5D36841979CE4692BA20A119 /* RequestLocationAccuracy.h */ = {isa = PBXFileReference; explicitFileType = undefined; fileEncoding = 4; includeInIndex = 0; lastKnownFileType = sourcecode.c.h; name = RequestLocationAccuracy.h; path = "cordova-plugin-request-location-accuracy/RequestLocationAccuracy.h"; sourceTree = "<group>"; };
		5FF887468F6540149193342F /* Diagnostic.h */ = {isa = PBXFileReference; explicitFileType = undefined; fileEncoding = 4; includeInIndex = 0; lastKnownFileType = sourcecode.c.h; name = Diagnostic.h; path = cordova.plugins.diagnostic/Diagnostic.h; sourceTree = "<group>"; };
		63C6FF884EC74786B7352F6B /* Diagnostic_Calendar.h */ = {isa = PBXFileReference; explicitFileType = undefined; fileEncoding = 4; includeInIndex = 0; lastKnownFileType = sourcecode.c.h; name = Diagnostic_Calendar.h; path = cordova.plugins.diagnostic/Diagnostic_Calendar.h; sourceTree = "<group>"; };
		6455E33560AB41D0A1A31252 /* FirebasePluginMessageReceiver.m */ = {isa = PBXFileReference; explicitFileType = undefined; fileEncoding = 4; includeInIndex = 0; lastKnownFileType = sourcecode.c.objc; name = FirebasePluginMessageReceiver.m; path = "cordova-plugin-firebasex/FirebasePluginMessageReceiver.m"; sourceTree = "<group>"; };
		684A75061263492E8E822EFA /* scannerOverlay.xib */ = {isa = PBXFileReference; explicitFileType = undefined; fileEncoding = 9; includeInIndex = 0; lastKnownFileType = file.xib; path = scannerOverlay.xib; sourceTree = "<group>"; };
		6935D8701502D3CEC531D847 /* Pods-AgriPro Farmer.debug.xcconfig */ = {isa = PBXFileReference; includeInIndex = 1; lastKnownFileType = text.xcconfig; name = "Pods-AgriPro Farmer.debug.xcconfig"; path = "Target Support Files/Pods-AgriPro Farmer/Pods-AgriPro Farmer.debug.xcconfig"; sourceTree = "<group>"; };
		6AFF5BF81D6E424B00AB3073 /* CDVLaunchScreen.storyboard */ = {isa = PBXFileReference; fileEncoding = 4; lastKnownFileType = file.storyboard; name = CDVLaunchScreen.storyboard; path = "AgriPro Farmer/CDVLaunchScreen.storyboard"; sourceTree = SOURCE_ROOT; };
		6BF60BD11B074EF2891377EF /* FirebasePlugin.m */ = {isa = PBXFileReference; explicitFileType = undefined; fileEncoding = 4; includeInIndex = 0; lastKnownFileType = sourcecode.c.objc; name = FirebasePlugin.m; path = "cordova-plugin-firebasex/FirebasePlugin.m"; sourceTree = "<group>"; };
		6C73B98D3E8F4CEE89FF9BB7 /* Diagnostic_Motion.m */ = {isa = PBXFileReference; explicitFileType = undefined; fileEncoding = 4; includeInIndex = 0; lastKnownFileType = sourcecode.c.objc; name = Diagnostic_Motion.m; path = cordova.plugins.diagnostic/Diagnostic_Motion.m; sourceTree = "<group>"; };
		6E26A1807CF34F0D83AAC35D /* CDVWKWebViewEngine.h */ = {isa = PBXFileReference; explicitFileType = undefined; fileEncoding = 4; includeInIndex = 0; lastKnownFileType = sourcecode.c.h; name = CDVWKWebViewEngine.h; path = "cordova-plugin-ionic-webview/CDVWKWebViewEngine.h"; sourceTree = "<group>"; };
		703AA79651324525A64298E3 /* CDVBarcodeScanner.bundle */ = {isa = PBXFileReference; explicitFileType = undefined; fileEncoding = 9; includeInIndex = 0; lastKnownFileType = "wrapper.plug-in"; path = CDVBarcodeScanner.bundle; sourceTree = "<group>"; };
		7042FB82B4F4493697D382AA /* CDVDevice.m */ = {isa = PBXFileReference; explicitFileType = undefined; fileEncoding = 4; includeInIndex = 0; lastKnownFileType = sourcecode.c.objc; name = CDVDevice.m; path = "cordova-plugin-device/CDVDevice.m"; sourceTree = "<group>"; };
		7160D16EBCB04A92A2C15E3F /* Diagnostic_Notifications.m */ = {isa = PBXFileReference; explicitFileType = undefined; fileEncoding = 4; includeInIndex = 0; lastKnownFileType = sourcecode.c.objc; name = Diagnostic_Notifications.m; path = cordova.plugins.diagnostic/Diagnostic_Notifications.m; sourceTree = "<group>"; };
		73D8467334544764BB14E96A /* CDVLocation.h */ = {isa = PBXFileReference; explicitFileType = undefined; fileEncoding = 4; includeInIndex = 0; lastKnownFileType = sourcecode.c.h; name = CDVLocation.h; path = "cordova-plugin-geolocation/CDVLocation.h"; sourceTree = "<group>"; };
		763A5975DA394E0A9AA6121D /* CoreTelephony.framework */ = {isa = PBXFileReference; explicitFileType = undefined; fileEncoding = 9; includeInIndex = 0; lastKnownFileType = wrapper.framework; name = CoreTelephony.framework; path = System/Library/Frameworks/CoreTelephony.framework; sourceTree = SDKROOT; };
		7CFD0BCE66C44668A0D39173 /* CoreMotion.framework */ = {isa = PBXFileReference; explicitFileType = undefined; fileEncoding = 9; includeInIndex = 0; lastKnownFileType = wrapper.framework; name = CoreMotion.framework; path = System/Library/Frameworks/CoreMotion.framework; sourceTree = SDKROOT; };
		85118EDE57484B00A6E3EDD3 /* FirebasePluginMessageReceiverManager.m */ = {isa = PBXFileReference; explicitFileType = undefined; fileEncoding = 4; includeInIndex = 0; lastKnownFileType = sourcecode.c.objc; name = FirebasePluginMessageReceiverManager.m; path = "cordova-plugin-firebasex/FirebasePluginMessageReceiverManager.m"; sourceTree = "<group>"; };
		8D1107310486CEB800E47090 /* AgriPro Farmer-Info.plist */ = {isa = PBXFileReference; fileEncoding = 4; lastKnownFileType = text.plist.xml; name = "AgriPro Farmer-Info.plist"; path = "AgriPro Farmer/AgriPro Farmer-Info.plist"; plistStructureDefinitionIdentifier = "com.apple.xcode.plist.structure-definition.iphone.info-plist"; sourceTree = SOURCE_ROOT; };
		9319FD58568C46769BDF64C5 /* Diagnostic_Location.m */ = {isa = PBXFileReference; explicitFileType = undefined; fileEncoding = 4; includeInIndex = 0; lastKnownFileType = sourcecode.c.objc; name = Diagnostic_Location.m; path = cordova.plugins.diagnostic/Diagnostic_Location.m; sourceTree = "<group>"; };
		9396B9CE0E574020A8D9D7FC /* UserNotifications.framework */ = {isa = PBXFileReference; explicitFileType = undefined; fileEncoding = 9; includeInIndex = 0; lastKnownFileType = wrapper.framework; name = UserNotifications.framework; path = System/Library/Frameworks/UserNotifications.framework; sourceTree = SDKROOT; };
		95AAFFBFCCD04079A9494AB8 /* IONAssetHandler.h */ = {isa = PBXFileReference; explicitFileType = undefined; fileEncoding = 4; includeInIndex = 0; lastKnownFileType = sourcecode.c.h; name = IONAssetHandler.h; path = "cordova-plugin-ionic-webview/IONAssetHandler.h"; sourceTree = "<group>"; };
		96E3876553E74E9A8B180CBF /* CDVReachability.m */ = {isa = PBXFileReference; explicitFileType = undefined; fileEncoding = 4; includeInIndex = 0; lastKnownFileType = sourcecode.c.objc; name = CDVReachability.m; path = "cordova-plugin-network-information/CDVReachability.m"; sourceTree = "<group>"; };
		99F661800F2D4CBE8572D2D2 /* CDVStatusBar.h */ = {isa = PBXFileReference; explicitFileType = undefined; fileEncoding = 4; includeInIndex = 0; lastKnownFileType = sourcecode.c.h; name = CDVStatusBar.h; path = "cordova-plugin-statusbar/CDVStatusBar.h"; sourceTree = "<group>"; };
		9D9397ED8B9F461082BA01E3 /* CDVStatusBar.m */ = {isa = PBXFileReference; explicitFileType = undefined; fileEncoding = 4; includeInIndex = 0; lastKnownFileType = sourcecode.c.objc; name = CDVStatusBar.m; path = "cordova-plugin-statusbar/CDVStatusBar.m"; sourceTree = "<group>"; };
		9E0F7442146E4AF7A8A14F97 /* CDVCamera.m */ = {isa = PBXFileReference; explicitFileType = undefined; fileEncoding = 4; includeInIndex = 0; lastKnownFileType = sourcecode.c.objc; name = CDVCamera.m; path = "cordova-plugin-camera/CDVCamera.m"; sourceTree = "<group>"; };
		9EA9CB987974411A9A1DDA91 /* CDVConnection.h */ = {isa = PBXFileReference; explicitFileType = undefined; fileEncoding = 4; includeInIndex = 0; lastKnownFileType = sourcecode.c.h; name = CDVConnection.h; path = "cordova-plugin-network-information/CDVConnection.h"; sourceTree = "<group>"; };
		9F276404942D4FBBB0C1D07F /* Diagnostic_Location.h */ = {isa = PBXFileReference; explicitFileType = undefined; fileEncoding = 4; includeInIndex = 0; lastKnownFileType = sourcecode.c.h; name = Diagnostic_Location.h; path = cordova.plugins.diagnostic/Diagnostic_Location.h; sourceTree = "<group>"; };
		A1D839254F7440B2A92D4B24 /* AppVersion.h */ = {isa = PBXFileReference; explicitFileType = undefined; fileEncoding = 4; includeInIndex = 0; lastKnownFileType = sourcecode.c.h; name = AppVersion.h; path = "cordova-plugin-app-version/AppVersion.h"; sourceTree = "<group>"; };
		A255FF3FFACE4366A5E9605C /* Diagnostic_Reminders.m */ = {isa = PBXFileReference; explicitFileType = undefined; fileEncoding = 4; includeInIndex = 0; lastKnownFileType = sourcecode.c.objc; name = Diagnostic_Reminders.m; path = cordova.plugins.diagnostic/Diagnostic_Reminders.m; sourceTree = "<group>"; };
		A3214006AB684BA2ACA1DE9D /* WifiWizard2.m */ = {isa = PBXFileReference; explicitFileType = undefined; fileEncoding = 4; includeInIndex = 0; lastKnownFileType = sourcecode.c.objc; name = WifiWizard2.m; path = wifiwizard2/WifiWizard2.m; sourceTree = "<group>"; };
		A3C3070CA5B04DCCBE09B63E /* Diagnostic_Camera.h */ = {isa = PBXFileReference; explicitFileType = undefined; fileEncoding = 4; includeInIndex = 0; lastKnownFileType = sourcecode.c.h; name = Diagnostic_Camera.h; path = cordova.plugins.diagnostic/Diagnostic_Camera.h; sourceTree = "<group>"; };
		A610B3B0AF134F4486F53D2D /* Diagnostic_Wifi.h */ = {isa = PBXFileReference; explicitFileType = undefined; fileEncoding = 4; includeInIndex = 0; lastKnownFileType = sourcecode.c.h; name = Diagnostic_Wifi.h; path = cordova.plugins.diagnostic/Diagnostic_Wifi.h; sourceTree = "<group>"; };
		AA671262C56F40CDADF81D8A /* WebKit.framework */ = {isa = PBXFileReference; explicitFileType = undefined; fileEncoding = 9; includeInIndex = 0; lastKnownFileType = wrapper.framework; name = WebKit.framework; path = System/Library/Frameworks/WebKit.framework; sourceTree = SDKROOT; };
		B579DF18351D45D284667CCD /* Diagnostic_Microphone.h */ = {isa = PBXFileReference; explicitFileType = undefined; fileEncoding = 4; includeInIndex = 0; lastKnownFileType = sourcecode.c.h; name = Diagnostic_Microphone.h; path = cordova.plugins.diagnostic/Diagnostic_Microphone.h; sourceTree = "<group>"; };
		B65FD1DA5E0749CF86A21E4A /* AppDelegate+FirebasePlugin.m */ = {isa = PBXFileReference; explicitFileType = undefined; fileEncoding = 4; includeInIndex = 0; lastKnownFileType = sourcecode.c.objc; name = "AppDelegate+FirebasePlugin.m"; path = "cordova-plugin-firebasex/AppDelegate+FirebasePlugin.m"; sourceTree = "<group>"; };
		B7FF3057C79345829C13B435 /* FirebasePluginMessageReceiverManager.h */ = {isa = PBXFileReference; explicitFileType = undefined; fileEncoding = 4; includeInIndex = 0; lastKnownFileType = sourcecode.c.h; name = FirebasePluginMessageReceiverManager.h; path = "cordova-plugin-firebasex/FirebasePluginMessageReceiverManager.h"; sourceTree = "<group>"; };
		B9B7DAB9CB7E4ADE93F67213 /* CDVViewController+SplashScreen.h */ = {isa = PBXFileReference; explicitFileType = undefined; fileEncoding = 4; includeInIndex = 0; lastKnownFileType = sourcecode.c.h; name = "CDVViewController+SplashScreen.h"; path = "cordova-plugin-splashscreen/CDVViewController+SplashScreen.h"; sourceTree = "<group>"; };
		BFA6B2A53F7749FCAEB75D7B /* CDVWKWebViewUIDelegate.m */ = {isa = PBXFileReference; explicitFileType = undefined; fileEncoding = 4; includeInIndex = 0; lastKnownFileType = sourcecode.c.objc; name = CDVWKWebViewUIDelegate.m; path = "cordova-plugin-ionic-webview/CDVWKWebViewUIDelegate.m"; sourceTree = "<group>"; };
		C3B7C0F827FF4601931EBEA2 /* Diagnostic_Bluetooth.h */ = {isa = PBXFileReference; explicitFileType = undefined; fileEncoding = 4; includeInIndex = 0; lastKnownFileType = sourcecode.c.h; name = Diagnostic_Bluetooth.h; path = cordova.plugins.diagnostic/Diagnostic_Bluetooth.h; sourceTree = "<group>"; };
		C50E84F05C5F4FA29982B739 /* CDVConnection.m */ = {isa = PBXFileReference; explicitFileType = undefined; fileEncoding = 4; includeInIndex = 0; lastKnownFileType = sourcecode.c.objc; name = CDVConnection.m; path = "cordova-plugin-network-information/CDVConnection.m"; sourceTree = "<group>"; };
		C8F627F59858472B87ABEBBD /* RequestLocationAccuracy.m */ = {isa = PBXFileReference; explicitFileType = undefined; fileEncoding = 4; includeInIndex = 0; lastKnownFileType = sourcecode.c.objc; name = RequestLocationAccuracy.m; path = "cordova-plugin-request-location-accuracy/RequestLocationAccuracy.m"; sourceTree = "<group>"; };
		C90D27B501AF4327B9E7A4A0 /* CoreLocation.framework */ = {isa = PBXFileReference; explicitFileType = undefined; fileEncoding = 9; includeInIndex = 0; lastKnownFileType = wrapper.framework; name = CoreLocation.framework; path = System/Library/Frameworks/CoreLocation.framework; sourceTree = SDKROOT; };
		CC1AF65EE64C4FA3A19FCF94 /* Diagnostic_Camera.m */ = {isa = PBXFileReference; explicitFileType = undefined; fileEncoding = 4; includeInIndex = 0; lastKnownFileType = sourcecode.c.objc; name = Diagnostic_Camera.m; path = cordova.plugins.diagnostic/Diagnostic_Camera.m; sourceTree = "<group>"; };
		CC1F2DD0A0E54CD2A9CB0D27 /* CDVJpegHeaderWriter.m */ = {isa = PBXFileReference; explicitFileType = undefined; fileEncoding = 4; includeInIndex = 0; lastKnownFileType = sourcecode.c.objc; name = CDVJpegHeaderWriter.m; path = "cordova-plugin-camera/CDVJpegHeaderWriter.m"; sourceTree = "<group>"; };
		CC37CF34477944B09A58DBBC /* CDVViewController+SplashScreen.m */ = {isa = PBXFileReference; explicitFileType = undefined; fileEncoding = 4; includeInIndex = 0; lastKnownFileType = sourcecode.c.objc; name = "CDVViewController+SplashScreen.m"; path = "cordova-plugin-splashscreen/CDVViewController+SplashScreen.m"; sourceTree = "<group>"; };
		CEE9C74C88CE436394032A9F /* IONAssetHandler.m */ = {isa = PBXFileReference; explicitFileType = undefined; fileEncoding = 4; includeInIndex = 0; lastKnownFileType = sourcecode.c.objc; name = IONAssetHandler.m; path = "cordova-plugin-ionic-webview/IONAssetHandler.m"; sourceTree = "<group>"; };
		D28446333BDB428389D48DD7 /* UIImage+CropScaleOrientation.m */ = {isa = PBXFileReference; explicitFileType = undefined; fileEncoding = 4; includeInIndex = 0; lastKnownFileType = sourcecode.c.objc; name = "UIImage+CropScaleOrientation.m"; path = "cordova-plugin-camera/UIImage+CropScaleOrientation.m"; sourceTree = "<group>"; };
		D6D2F68F11EB44EA878B29AA /* AddressBook.framework */ = {isa = PBXFileReference; explicitFileType = undefined; fileEncoding = 9; includeInIndex = 0; lastKnownFileType = wrapper.framework; name = AddressBook.framework; path = System/Library/Frameworks/AddressBook.framework; sourceTree = SDKROOT; };
		D9A71AFE3CFD4834AA3615B9 /* AuthenticationServices.framework */ = {isa = PBXFileReference; explicitFileType = undefined; fileEncoding = 9; includeInIndex = 0; lastKnownFileType = wrapper.framework; name = AuthenticationServices.framework; path = System/Library/Frameworks/AuthenticationServices.framework; sourceTree = SDKROOT; };
		DCF1EC1352FE4C6980A3CA2C /* AVFoundation.framework */ = {isa = PBXFileReference; explicitFileType = undefined; fileEncoding = 9; includeInIndex = 0; lastKnownFileType = wrapper.framework; name = AVFoundation.framework; path = System/Library/Frameworks/AVFoundation.framework; sourceTree = SDKROOT; };
		E1AB1BA392DA4B4DB1D72C07 /* DatePicker.h */ = {isa = PBXFileReference; explicitFileType = undefined; fileEncoding = 4; includeInIndex = 0; lastKnownFileType = sourcecode.c.h; name = DatePicker.h; path = "cordova-plugin-datepicker/DatePicker.h"; sourceTree = "<group>"; };
		E29A71D19FB3452F8DA85345 /* WifiWizard2.h */ = {isa = PBXFileReference; explicitFileType = undefined; fileEncoding = 4; includeInIndex = 0; lastKnownFileType = sourcecode.c.h; name = WifiWizard2.h; path = wifiwizard2/WifiWizard2.h; sourceTree = "<group>"; };
		E445A634A147415BABE34593 /* AudioToolbox.framework */ = {isa = PBXFileReference; explicitFileType = undefined; fileEncoding = 9; includeInIndex = 0; lastKnownFileType = wrapper.framework; name = AudioToolbox.framework; path = System/Library/Frameworks/AudioToolbox.framework; sourceTree = SDKROOT; };
		E82DACC35EA84E44A7191FC7 /* CDVSplashScreen.h */ = {isa = PBXFileReference; explicitFileType = undefined; fileEncoding = 4; includeInIndex = 0; lastKnownFileType = sourcecode.c.h; name = CDVSplashScreen.h; path = "cordova-plugin-splashscreen/CDVSplashScreen.h"; sourceTree = "<group>"; };
		E9BAE516CACC4316BC8BC8E4 /* Diagnostic_Contacts.h */ = {isa = PBXFileReference; explicitFileType = undefined; fileEncoding = 4; includeInIndex = 0; lastKnownFileType = sourcecode.c.h; name = Diagnostic_Contacts.h; path = cordova.plugins.diagnostic/Diagnostic_Contacts.h; sourceTree = "<group>"; };
		EB87FDF31871DA8E0020F90C /* www */ = {isa = PBXFileReference; lastKnownFileType = folder; name = www; path = ../../www; sourceTree = "<group>"; };
		EB87FDF41871DAF40020F90C /* config.xml */ = {isa = PBXFileReference; lastKnownFileType = text.xml; name = config.xml; path = ../../config.xml; sourceTree = "<group>"; };
		ED33DF2A687741AEAF9F8254 /* Bridging-Header.h */ = {isa = PBXFileReference; fileEncoding = 4; lastKnownFileType = sourcecode.c.h; path = "Bridging-Header.h"; sourceTree = "<group>"; };
		ED9CD91FC93B4E6DB60AACC8 /* CDVCamera.h */ = {isa = PBXFileReference; explicitFileType = undefined; fileEncoding = 4; includeInIndex = 0; lastKnownFileType = sourcecode.c.h; name = CDVCamera.h; path = "cordova-plugin-camera/CDVCamera.h"; sourceTree = "<group>"; };
		EF375F20FE1AB85CFBBC1D16 /* Pods-AgriPro Farmer.release.xcconfig */ = {isa = PBXFileReference; includeInIndex = 1; lastKnownFileType = text.xcconfig; name = "Pods-AgriPro Farmer.release.xcconfig"; path = "Target Support Files/Pods-AgriPro Farmer/Pods-AgriPro Farmer.release.xcconfig"; sourceTree = "<group>"; };
		F06C3159B67D47A9B8BC47D7 /* PhotoViewer.m */ = {isa = PBXFileReference; explicitFileType = undefined; fileEncoding = 4; includeInIndex = 0; lastKnownFileType = sourcecode.c.objc; name = PhotoViewer.m; path = "com-sarriaroman-photoviewer/PhotoViewer.m"; sourceTree = "<group>"; };
		F840E1F0165FE0F500CFE078 /* config.xml */ = {isa = PBXFileReference; lastKnownFileType = text.xml; name = config.xml; path = "AgriPro Farmer/config.xml"; sourceTree = "<group>"; };
		F85C533D12604F6AAA21ECDA /* CDVBarcodeScanner.mm */ = {isa = PBXFileReference; explicitFileType = undefined; fileEncoding = 9; includeInIndex = 0; lastKnownFileType = unknown; name = CDVBarcodeScanner.mm; path = "phonegap-plugin-barcodescanner/CDVBarcodeScanner.mm"; sourceTree = "<group>"; };
/* End PBXFileReference section */

/* Begin PBXFrameworksBuildPhase section */
		1D60588F0D05DD3D006BFB54 /* Frameworks */ = {
			isa = PBXFrameworksBuildPhase;
			buildActionMask = 2147483647;
			files = (
				301BF552109A68D80062928A /* libCordova.a in Frameworks */,
				2D7EDA53BCE1449CA89BC00F /* SystemConfiguration.framework in Frameworks */,
				803FAD01A69F437A95C80AA7 /* ImageIO.framework in Frameworks */,
				E1EE7CA71CD44862B637B938 /* CoreLocation.framework in Frameworks */,
				A9DC6CB401B44148A5DD6BC7 /* AVFoundation.framework in Frameworks */,
				BE49902131044E07A321A6BA /* AuthenticationServices.framework in Frameworks */,
				B8CE12A81CFBF4D1947B1DF7 /* Pods_AgriPro_Farmer.framework in Frameworks */,
				18BDC57B48A84889BFCD36AE /* WebKit.framework in Frameworks */,
				ADC45812430B4FD2A92D4E1A /* CoreTelephony.framework in Frameworks */,
				521D4CA93D6342908EC67A2B /* CoreBluetooth.framework in Frameworks */,
				882F348AB9FA4FFD8ACAC23D /* Photos.framework in Frameworks */,
				A13F11FC82DF419EB9BB2904 /* UserNotifications.framework in Frameworks */,
				629CF434167E49D194C146E0 /* Contacts.framework in Frameworks */,
				0B59D0C1E6584C438482145D /* AddressBook.framework in Frameworks */,
				6860E0B436404435BA4E4D8A /* EventKit.framework in Frameworks */,
				A29547532CDF4531B7E21475 /* CoreMotion.framework in Frameworks */,
				852CDECE15814AC6B71CF82F /* AudioToolbox.framework in Frameworks */,
				7787C1BC3BC34531BDF155AB /* NetworkExtension.framework in Frameworks */,
			);
			runOnlyForDeploymentPostprocessing = 0;
		};
/* End PBXFrameworksBuildPhase section */

/* Begin PBXGroup section */
		080E96DDFE201D6D7F000001 /* Classes */ = {
			isa = PBXGroup;
			children = (
				302D95EE14D2391D003F00A1 /* MainViewController.h */,
				302D95EF14D2391D003F00A1 /* MainViewController.m */,
				302D95F014D2391D003F00A1 /* MainViewController.xib */,
				1D3623240D0F684500981E51 /* AppDelegate.h */,
				1D3623250D0F684500981E51 /* AppDelegate.m */,
			);
			name = Classes;
			path = "AgriPro Farmer/Classes";
			sourceTree = SOURCE_ROOT;
		};
		19C28FACFE9D520D11CA2CBB /* Products */ = {
			isa = PBXGroup;
			children = (
				1D6058910D05DD3D006BFB54 /* AgriPro Farmer.app */,
			);
			name = Products;
			sourceTree = "<group>";
		};
		29B97314FDCFA39411CA2CEA /* CustomTemplate */ = {
			isa = PBXGroup;
			children = (
				EB87FDF41871DAF40020F90C /* config.xml */,
				EB87FDF31871DA8E0020F90C /* www */,
				EB87FDF11871DA420020F90C /* Staging */,
				301BF52D109A57CC0062928A /* CordovaLib.xcodeproj */,
				080E96DDFE201D6D7F000001 /* Classes */,
				307C750510C5A3420062BCA9 /* Plugins */,
				29B97315FDCFA39411CA2CEA /* Other Sources */,
				29B97317FDCFA39411CA2CEA /* Resources */,
				29B97323FDCFA39411CA2CEA /* Frameworks */,
				19C28FACFE9D520D11CA2CBB /* Products */,
				65DB3BAA06439E7921923C82 /* Pods */,
			);
			name = CustomTemplate;
			sourceTree = "<group>";
		};
		29B97315FDCFA39411CA2CEA /* Other Sources */ = {
			isa = PBXGroup;
			children = (
				32CA4F630368D1EE00C91783 /* AgriPro Farmer-Prefix.pch */,
				29B97316FDCFA39411CA2CEA /* main.m */,
				ED33DF2A687741AEAF9F8254 /* Bridging-Header.h */,
			);
			name = "Other Sources";
			path = "AgriPro Farmer";
			sourceTree = "<group>";
		};
		29B97317FDCFA39411CA2CEA /* Resources */ = {
			isa = PBXGroup;
			children = (
				0207DA571B56EA530066E2B4 /* Images.xcassets */,
				3047A50E1AB8057F00498E2A /* config */,
				8D1107310486CEB800E47090 /* AgriPro Farmer-Info.plist */,
				6AFF5BF81D6E424B00AB3073 /* CDVLaunchScreen.storyboard */,
				0CA127C7A04F45339C1DB5F6 /* DatePicker.xib */,
				2CB96D0FC8FC4584B535AFF8 /* GoogleService-Info.plist */,
				684A75061263492E8E822EFA /* scannerOverlay.xib */,
				703AA79651324525A64298E3 /* CDVBarcodeScanner.bundle */,
			);
			name = Resources;
			path = "AgriPro Farmer/Resources";
			sourceTree = "<group>";
		};
		29B97323FDCFA39411CA2CEA /* Frameworks */ = {
			isa = PBXGroup;
			children = (
				351F27014ADE49B6A832067B /* SystemConfiguration.framework */,
				42F60245ADF24F7689E5EFBC /* ImageIO.framework */,
				C90D27B501AF4327B9E7A4A0 /* CoreLocation.framework */,
				DCF1EC1352FE4C6980A3CA2C /* AVFoundation.framework */,
				D9A71AFE3CFD4834AA3615B9 /* AuthenticationServices.framework */,
				4D657909CB6A7B497867A76F /* Pods_AgriPro_Farmer.framework */,
				AA671262C56F40CDADF81D8A /* WebKit.framework */,
				763A5975DA394E0A9AA6121D /* CoreTelephony.framework */,
				2E172D72030B46D6ADB78E73 /* CoreBluetooth.framework */,
				19E02D6AB4154B3981A6FB67 /* Photos.framework */,
				9396B9CE0E574020A8D9D7FC /* UserNotifications.framework */,
				401AF04F965C4D169AB05AB8 /* Contacts.framework */,
				D6D2F68F11EB44EA878B29AA /* AddressBook.framework */,
				111A4E7FA36949939C55580E /* EventKit.framework */,
				7CFD0BCE66C44668A0D39173 /* CoreMotion.framework */,
				E445A634A147415BABE34593 /* AudioToolbox.framework */,
				18B2E4B74B6C4ED7942F4780 /* NetworkExtension.framework */,
			);
			name = Frameworks;
			sourceTree = "<group>";
		};
		301BF52E109A57CC0062928A /* Products */ = {
			isa = PBXGroup;
			children = (
				301BF535109A57CC0062928A /* libCordova.a */,
				907D8124214C687600058A10 /* Cordova.framework */,
			);
			name = Products;
			sourceTree = "<group>";
		};
		3047A50E1AB8057F00498E2A /* config */ = {
			isa = PBXGroup;
			children = (
				3047A50F1AB8059700498E2A /* build-debug.xcconfig */,
				3047A5101AB8059700498E2A /* build-release.xcconfig */,
				3047A5111AB8059700498E2A /* build.xcconfig */,
			);
			name = config;
			sourceTree = "<group>";
		};
		307C750510C5A3420062BCA9 /* Plugins */ = {
			isa = PBXGroup;
			children = (
				F06C3159B67D47A9B8BC47D7 /* PhotoViewer.m */,
				403CE80671FE4C6796A8692C /* NXWWifiWizard.m */,
				13E3FE9B6D0646BDA2FF4968 /* NXWWifiWizard.h */,
				05EEB98AA307442D852562D1 /* AppVersion.m */,
				A1D839254F7440B2A92D4B24 /* AppVersion.h */,
				D28446333BDB428389D48DD7 /* UIImage+CropScaleOrientation.m */,
				9E0F7442146E4AF7A8A14F97 /* CDVCamera.m */,
				CC1F2DD0A0E54CD2A9CB0D27 /* CDVJpegHeaderWriter.m */,
				262911903D8A4160B0A18269 /* UIImage+CropScaleOrientation.h */,
				ED9CD91FC93B4E6DB60AACC8 /* CDVCamera.h */,
				3FF7A59C60D44353825FCF2E /* CDVJpegHeaderWriter.h */,
				1748E3F844AE4BFDB19F0E13 /* CDVExif.h */,
				1718333E6164460681E0FEC6 /* DatePicker.m */,
				E1AB1BA392DA4B4DB1D72C07 /* DatePicker.h */,
				7042FB82B4F4493697D382AA /* CDVDevice.m */,
				0D475466D4D2468FA2E289D6 /* CDVDevice.h */,
				B65FD1DA5E0749CF86A21E4A /* AppDelegate+FirebasePlugin.m */,
				6BF60BD11B074EF2891377EF /* FirebasePlugin.m */,
				6455E33560AB41D0A1A31252 /* FirebasePluginMessageReceiver.m */,
				85118EDE57484B00A6E3EDD3 /* FirebasePluginMessageReceiverManager.m */,
				544F82160E1D496187FCB84D /* AppDelegate+FirebasePlugin.h */,
				142B6B8E66844CE3AE4B4586 /* FirebasePlugin.h */,
				12C41D4807364AA882B238E8 /* FirebasePluginMessageReceiver.h */,
				B7FF3057C79345829C13B435 /* FirebasePluginMessageReceiverManager.h */,
				5ADE5D14604C49858CE4B83F /* CDVLocation.m */,
				73D8467334544764BB14E96A /* CDVLocation.h */,
				5037427A08AA4B1EA4C69542 /* CDVIonicKeyboard.m */,
				52DC4A2A507446E39CA74556 /* CDVIonicKeyboard.h */,
				109971AFC2614EE8AD3FB2D8 /* CDVWKWebViewEngine.m */,
				BFA6B2A53F7749FCAEB75D7B /* CDVWKWebViewUIDelegate.m */,
				05C12C71A220476896CDCF2A /* CDVWKProcessPoolFactory.m */,
				CEE9C74C88CE436394032A9F /* IONAssetHandler.m */,
				6E26A1807CF34F0D83AAC35D /* CDVWKWebViewEngine.h */,
				1F9A87BE5F4141BF808927FE /* CDVWKWebViewUIDelegate.h */,
				07863A672224488F910A8050 /* CDVWKProcessPoolFactory.h */,
				95AAFFBFCCD04079A9494AB8 /* IONAssetHandler.h */,
				C50E84F05C5F4FA29982B739 /* CDVConnection.m */,
				96E3876553E74E9A8B180CBF /* CDVReachability.m */,
				9EA9CB987974411A9A1DDA91 /* CDVConnection.h */,
				4FB718C720E245C0A6A01D14 /* CDVReachability.h */,
				C8F627F59858472B87ABEBBD /* RequestLocationAccuracy.m */,
				5D36841979CE4692BA20A119 /* RequestLocationAccuracy.h */,
				2CC11C25714C4A2EB8382CAF /* CDVSplashScreen.m */,
				CC37CF34477944B09A58DBBC /* CDVViewController+SplashScreen.m */,
				E82DACC35EA84E44A7191FC7 /* CDVSplashScreen.h */,
				B9B7DAB9CB7E4ADE93F67213 /* CDVViewController+SplashScreen.h */,
				9D9397ED8B9F461082BA01E3 /* CDVStatusBar.m */,
				99F661800F2D4CBE8572D2D2 /* CDVStatusBar.h */,
				155DA1807E154AF58E48E4C9 /* Diagnostic.m */,
				9319FD58568C46769BDF64C5 /* Diagnostic_Location.m */,
				27D7B7E8E8F7446F8556A606 /* Diagnostic_Bluetooth.m */,
				09FC26966DD547A894A948EE /* Diagnostic_Wifi.m */,
				CC1AF65EE64C4FA3A19FCF94 /* Diagnostic_Camera.m */,
				7160D16EBCB04A92A2C15E3F /* Diagnostic_Notifications.m */,
				21EEA03F20D94164A977E4B1 /* Diagnostic_Microphone.m */,
				330E3AEF0FA142C8BFC6B11E /* Diagnostic_Contacts.m */,
				5426A7AD2C864D31B59B92DA /* Diagnostic_Calendar.m */,
				A255FF3FFACE4366A5E9605C /* Diagnostic_Reminders.m */,
				6C73B98D3E8F4CEE89FF9BB7 /* Diagnostic_Motion.m */,
				5FF887468F6540149193342F /* Diagnostic.h */,
				9F276404942D4FBBB0C1D07F /* Diagnostic_Location.h */,
				C3B7C0F827FF4601931EBEA2 /* Diagnostic_Bluetooth.h */,
				A610B3B0AF134F4486F53D2D /* Diagnostic_Wifi.h */,
				A3C3070CA5B04DCCBE09B63E /* Diagnostic_Camera.h */,
				3AFBB50CC10F48E4961E43BD /* Diagnostic_Notifications.h */,
				B579DF18351D45D284667CCD /* Diagnostic_Microphone.h */,
				E9BAE516CACC4316BC8BC8E4 /* Diagnostic_Contacts.h */,
				63C6FF884EC74786B7352F6B /* Diagnostic_Calendar.h */,
				52B391118ADA42748F445997 /* Diagnostic_Reminders.h */,
				3E98B16ADF00414ABFF55CBA /* Diagnostic_Motion.h */,
				F85C533D12604F6AAA21ECDA /* CDVBarcodeScanner.mm */,
				A3214006AB684BA2ACA1DE9D /* WifiWizard2.m */,
				E29A71D19FB3452F8DA85345 /* WifiWizard2.h */,
			);
			name = Plugins;
			path = "AgriPro Farmer/Plugins";
			sourceTree = SOURCE_ROOT;
		};
		65DB3BAA06439E7921923C82 /* Pods */ = {
			isa = PBXGroup;
			children = (
				6935D8701502D3CEC531D847 /* Pods-AgriPro Farmer.debug.xcconfig */,
				EF375F20FE1AB85CFBBC1D16 /* Pods-AgriPro Farmer.release.xcconfig */,
			);
			path = Pods;
			sourceTree = "<group>";
		};
		EB87FDF11871DA420020F90C /* Staging */ = {
			isa = PBXGroup;
			children = (
				F840E1F0165FE0F500CFE078 /* config.xml */,
				301BF56E109A69640062928A /* www */,
			);
			name = Staging;
			sourceTree = "<group>";
		};
/* End PBXGroup section */

/* Begin PBXNativeTarget section */
		1D6058900D05DD3D006BFB54 /* AgriPro Farmer */ = {
			isa = PBXNativeTarget;
			buildConfigurationList = 1D6058960D05DD3E006BFB54 /* Build configuration list for PBXNativeTarget "AgriPro Farmer" */;
			buildPhases = (
				5EC930CED80C5EBA7DBECA31 /* [CP] Check Pods Manifest.lock */,
				304B58A110DAC018002A0835 /* Copy www directory */,
				1D60588D0D05DD3D006BFB54 /* Resources */,
				1D60588E0D05DD3D006BFB54 /* Sources */,
				1D60588F0D05DD3D006BFB54 /* Frameworks */,
				55A3E3DF4A972898D3F348CC /* [CP] Embed Pods Frameworks */,
				D0DFD0E695E620C03EB65810 /* [CP] Copy Pods Resources */,
				39606E34A61248A391F49DEC /* Crashlytics */,
			);
			buildRules = (
			);
			dependencies = (
				301BF551109A68C00062928A /* PBXTargetDependency */,
			);
			name = "AgriPro Farmer";
			productName = "AgriPro Farmer";
			productReference = 1D6058910D05DD3D006BFB54 /* AgriPro Farmer.app */;
			productType = "com.apple.product-type.application";
		};
/* End PBXNativeTarget section */

/* Begin PBXProject section */
		29B97313FDCFA39411CA2CEA /* Project object */ = {
			isa = PBXProject;
			attributes = {
				LastUpgradeCheck = 1130;
			};
			buildConfigurationList = C01FCF4E08A954540054247B /* Build configuration list for PBXProject "AgriPro Farmer" */;
			compatibilityVersion = "Xcode 11.0";
			developmentRegion = en;
			hasScannedForEncodings = 1;
			knownRegions = (
				en,
				Base,
			);
			mainGroup = 29B97314FDCFA39411CA2CEA /* CustomTemplate */;
			productRefGroup = 19C28FACFE9D520D11CA2CBB /* Products */;
			projectDirPath = "";
			projectReferences = (
				{
					ProductGroup = 301BF52E109A57CC0062928A /* Products */;
					ProjectRef = 301BF52D109A57CC0062928A /* CordovaLib.xcodeproj */;
				},
			);
			projectRoot = "";
			targets = (
				1D6058900D05DD3D006BFB54 /* AgriPro Farmer */,
			);
		};
/* End PBXProject section */

/* Begin PBXReferenceProxy section */
		301BF535109A57CC0062928A /* libCordova.a */ = {
			isa = PBXReferenceProxy;
			fileType = archive.ar;
			path = libCordova.a;
			remoteRef = 301BF534109A57CC0062928A /* PBXContainerItemProxy */;
			sourceTree = BUILT_PRODUCTS_DIR;
		};
		907D8124214C687600058A10 /* Cordova.framework */ = {
			isa = PBXReferenceProxy;
			fileType = wrapper.framework;
			path = Cordova.framework;
			remoteRef = 907D8123214C687600058A10 /* PBXContainerItemProxy */;
			sourceTree = BUILT_PRODUCTS_DIR;
		};
/* End PBXReferenceProxy section */

/* Begin PBXResourcesBuildPhase section */
		1D60588D0D05DD3D006BFB54 /* Resources */ = {
			isa = PBXResourcesBuildPhase;
			buildActionMask = 2147483647;
			files = (
				302D95F214D2391D003F00A1 /* MainViewController.xib in Resources */,
				0207DA581B56EA530066E2B4 /* Images.xcassets in Resources */,
				6AFF5BF91D6E424B00AB3073 /* CDVLaunchScreen.storyboard in Resources */,
				97FEC17C048D405C983469D8 /* DatePicker.xib in Resources */,
				43D33044AC48449A8810C38A /* GoogleService-Info.plist in Resources */,
				5419EE4A7D8A469192264B1A /* scannerOverlay.xib in Resources */,
				3BF7BC62C2284842B5D438F8 /* CDVBarcodeScanner.bundle in Resources */,
			);
			runOnlyForDeploymentPostprocessing = 0;
		};
/* End PBXResourcesBuildPhase section */

/* Begin PBXShellScriptBuildPhase section */
		304B58A110DAC018002A0835 /* Copy www directory */ = {
			isa = PBXShellScriptBuildPhase;
			buildActionMask = 2147483647;
			files = (
			);
			inputPaths = (
			);
			name = "Copy www directory";
			outputPaths = (
			);
			runOnlyForDeploymentPostprocessing = 0;
			shellPath = /bin/sh;
			shellScript = "\"$SRCROOT/AgriPro Farmer/Scripts/copy-www-build-step.sh\"";
			showEnvVarsInLog = 0;
		};
		39606E34A61248A391F49DEC /* Crashlytics */ = {
			isa = PBXShellScriptBuildPhase;
			buildActionMask = 2147483647;
			files = (
			);
			inputPaths = (
				"$(BUILT_PRODUCTS_DIR)/$(INFOPLIST_PATH)",
			);
			name = Crashlytics;
			outputPaths = (
			);
			runOnlyForDeploymentPostprocessing = 0;
			shellPath = /bin/sh;
			shellScript = "\"${PODS_ROOT}/FirebaseCrashlytics/run\"";
			showEnvVarsInLog = 0;
		};
		55A3E3DF4A972898D3F348CC /* [CP] Embed Pods Frameworks */ = {
			isa = PBXShellScriptBuildPhase;
			buildActionMask = 2147483647;
			files = (
			);
			inputFileListPaths = (
				"${PODS_ROOT}/Target Support Files/Pods-AgriPro Farmer/Pods-AgriPro Farmer-frameworks-${CONFIGURATION}-input-files.xcfilelist",
			);
			name = "[CP] Embed Pods Frameworks";
			outputFileListPaths = (
				"${PODS_ROOT}/Target Support Files/Pods-AgriPro Farmer/Pods-AgriPro Farmer-frameworks-${CONFIGURATION}-output-files.xcfilelist",
			);
			runOnlyForDeploymentPostprocessing = 0;
			shellPath = /bin/sh;
			shellScript = "\"${PODS_ROOT}/Target Support Files/Pods-AgriPro Farmer/Pods-AgriPro Farmer-frameworks.sh\"\n";
			showEnvVarsInLog = 0;
		};
		5EC930CED80C5EBA7DBECA31 /* [CP] Check Pods Manifest.lock */ = {
			isa = PBXShellScriptBuildPhase;
			buildActionMask = 2147483647;
			files = (
			);
			inputFileListPaths = (
			);
			inputPaths = (
				"${PODS_PODFILE_DIR_PATH}/Podfile.lock",
				"${PODS_ROOT}/Manifest.lock",
			);
			name = "[CP] Check Pods Manifest.lock";
			outputFileListPaths = (
			);
			outputPaths = (
				"$(DERIVED_FILE_DIR)/Pods-AgriPro Farmer-checkManifestLockResult.txt",
			);
			runOnlyForDeploymentPostprocessing = 0;
			shellPath = /bin/sh;
			shellScript = "diff \"${PODS_PODFILE_DIR_PATH}/Podfile.lock\" \"${PODS_ROOT}/Manifest.lock\" > /dev/null\nif [ $? != 0 ] ; then\n    # print error to STDERR\n    echo \"error: The sandbox is not in sync with the Podfile.lock. Run 'pod install' or update your CocoaPods installation.\" >&2\n    exit 1\nfi\n# This output is used by Xcode 'outputs' to avoid re-running this script phase.\necho \"SUCCESS\" > \"${SCRIPT_OUTPUT_FILE_0}\"\n";
			showEnvVarsInLog = 0;
		};
		D0DFD0E695E620C03EB65810 /* [CP] Copy Pods Resources */ = {
			isa = PBXShellScriptBuildPhase;
			buildActionMask = 2147483647;
			files = (
			);
			inputFileListPaths = (
				"${PODS_ROOT}/Target Support Files/Pods-AgriPro Farmer/Pods-AgriPro Farmer-resources-${CONFIGURATION}-input-files.xcfilelist",
			);
			name = "[CP] Copy Pods Resources";
			outputFileListPaths = (
				"${PODS_ROOT}/Target Support Files/Pods-AgriPro Farmer/Pods-AgriPro Farmer-resources-${CONFIGURATION}-output-files.xcfilelist",
			);
			runOnlyForDeploymentPostprocessing = 0;
			shellPath = /bin/sh;
			shellScript = "\"${PODS_ROOT}/Target Support Files/Pods-AgriPro Farmer/Pods-AgriPro Farmer-resources.sh\"\n";
			showEnvVarsInLog = 0;
		};
/* End PBXShellScriptBuildPhase section */

/* Begin PBXSourcesBuildPhase section */
		1D60588E0D05DD3D006BFB54 /* Sources */ = {
			isa = PBXSourcesBuildPhase;
			buildActionMask = 2147483647;
			files = (
				1D60589B0D05DD56006BFB54 /* main.m in Sources */,
				1D3623260D0F684500981E51 /* AppDelegate.m in Sources */,
				302D95F114D2391D003F00A1 /* MainViewController.m in Sources */,
				625E6093ADF647DEBDDB12C3 /* PhotoViewer.m in Sources */,
				A9AE47C5BA5147E6AA0E422A /* NXWWifiWizard.m in Sources */,
				2199B87919644E348300BEFD /* AppVersion.m in Sources */,
				28DB76FC617F4280BA3AC413 /* UIImage+CropScaleOrientation.m in Sources */,
				C6454ED883DE4FF8978FE972 /* CDVCamera.m in Sources */,
				2EB232C077D64995A152BB8E /* CDVJpegHeaderWriter.m in Sources */,
				46D8F64892A142EE86C6FD08 /* DatePicker.m in Sources */,
				419FDED6888A40A284932022 /* CDVDevice.m in Sources */,
				CEF412DC26274D8CB6572415 /* AppDelegate+FirebasePlugin.m in Sources */,
				E50DF39601224B1DB33624FE /* FirebasePlugin.m in Sources */,
				1C92520B426F4F159ACD5636 /* FirebasePluginMessageReceiver.m in Sources */,
				A12D47E9A99945EE91ACD81D /* FirebasePluginMessageReceiverManager.m in Sources */,
				5E3F757E6B3F459E8C1A02A6 /* CDVLocation.m in Sources */,
				C03CEB2A524A49719313B78A /* CDVIonicKeyboard.m in Sources */,
				1AE75D63E08249008C869C35 /* CDVWKWebViewEngine.m in Sources */,
				73AA0E9B5B4F4983B4C9A32C /* CDVWKWebViewUIDelegate.m in Sources */,
				0C7909FB4885473CAF3758B9 /* CDVWKProcessPoolFactory.m in Sources */,
				B716677A741F4C67854CC2B0 /* IONAssetHandler.m in Sources */,
				73C691F6E5544E20B5F5558F /* CDVConnection.m in Sources */,
				CACC9F38354C4996BF9E10EF /* CDVReachability.m in Sources */,
				910EFB2DF2D74FFC8A3389BC /* RequestLocationAccuracy.m in Sources */,
				411020790E5044AFB43097F6 /* CDVSplashScreen.m in Sources */,
				3E14B15F20FD4AE48CE06F86 /* CDVViewController+SplashScreen.m in Sources */,
				4CBF3D307E36460DBB9D4E68 /* CDVStatusBar.m in Sources */,
				F97D0437B3BD42B6B3A1F26B /* Diagnostic.m in Sources */,
				CE00AF0B08A847439235E340 /* Diagnostic_Location.m in Sources */,
				B1C89D9129E2473FB2985BB6 /* Diagnostic_Bluetooth.m in Sources */,
				0E3221896CB14188A7404B30 /* Diagnostic_Wifi.m in Sources */,
				9889B69C4EF24FC5AC291918 /* Diagnostic_Camera.m in Sources */,
				90505B0CEB374B4CBEC8248F /* Diagnostic_Notifications.m in Sources */,
				39C565F1F0B343069D495BF2 /* Diagnostic_Microphone.m in Sources */,
				FE7EA19841C54E328BB5D2E9 /* Diagnostic_Contacts.m in Sources */,
				9E1CF524FE9D4413878FD4E0 /* Diagnostic_Calendar.m in Sources */,
				A68F7694B8564C819E2AA269 /* Diagnostic_Reminders.m in Sources */,
				C4515844742A47D8B5AA151D /* Diagnostic_Motion.m in Sources */,
				08AA295F47B34DD985A088CE /* CDVBarcodeScanner.mm in Sources */,
				E5E1897AFF2B42CA91CF879B /* WifiWizard2.m in Sources */,
			);
			runOnlyForDeploymentPostprocessing = 0;
		};
/* End PBXSourcesBuildPhase section */

/* Begin PBXTargetDependency section */
		301BF551109A68C00062928A /* PBXTargetDependency */ = {
			isa = PBXTargetDependency;
			name = CordovaLib;
			targetProxy = 301BF550109A68C00062928A /* PBXContainerItemProxy */;
		};
/* End PBXTargetDependency section */

/* Begin XCBuildConfiguration section */
		1D6058940D05DD3E006BFB54 /* Debug */ = {
			isa = XCBuildConfiguration;
			baseConfigurationReference = 3047A50F1AB8059700498E2A /* build-debug.xcconfig */;
			buildSettings = {
				ALWAYS_SEARCH_USER_PATHS = NO;
				ASSETCATALOG_COMPILER_APPICON_NAME = AppIcon;
				CLANG_ENABLE_MODULES = YES;
				CLANG_ENABLE_OBJC_ARC = YES;
				"CODE_SIGN_IDENTITY[sdk=iphoneos*]" = "iPhone Distribution";
				CODE_SIGN_STYLE = Manual;
				COPY_PHASE_STRIP = NO;
				DEVELOPMENT_TEAM = "";
				"DEVELOPMENT_TEAM[sdk=iphoneos*]" = 6Y5K992BB8;
				GCC_DYNAMIC_NO_PIC = NO;
				GCC_OPTIMIZATION_LEVEL = 0;
				GCC_PRECOMPILE_PREFIX_HEADER = YES;
				GCC_PREFIX_HEADER = "AgriPro Farmer/AgriPro Farmer-Prefix.pch";
				GCC_THUMB_SUPPORT = NO;
				GCC_VERSION = "";
				INFOPLIST_FILE = "AgriPro Farmer/AgriPro Farmer-Info.plist";
				IPHONEOS_DEPLOYMENT_TARGET = 11.0;
				LD_RUNPATH_SEARCH_PATHS = "$(inherited) @executable_path/Frameworks";
				PRODUCT_BUNDLE_IDENTIFIER = com.doublem.agripro;
				PRODUCT_NAME = "$(TARGET_NAME)";
				PROVISIONING_PROFILE_SPECIFIER = "";
				"PROVISIONING_PROFILE_SPECIFIER[sdk=iphoneos*]" = "AgriproFarmer.appstore-2";
				TARGETED_DEVICE_FAMILY = "1,2";
				VALIDATE_WORKSPACE = NO;
			};
			name = Debug;
		};
		1D6058950D05DD3E006BFB54 /* Release */ = {
			isa = XCBuildConfiguration;
			baseConfigurationReference = 3047A5101AB8059700498E2A /* build-release.xcconfig */;
			buildSettings = {
				ALWAYS_SEARCH_USER_PATHS = NO;
				ASSETCATALOG_COMPILER_APPICON_NAME = AppIcon;
				CLANG_ENABLE_MODULES = YES;
				CLANG_ENABLE_OBJC_ARC = YES;
				CODE_SIGN_STYLE = Manual;
				COPY_PHASE_STRIP = YES;
				DEVELOPMENT_TEAM = "";
				"DEVELOPMENT_TEAM[sdk=iphoneos*]" = 6Y5K992BB8;
				GCC_PRECOMPILE_PREFIX_HEADER = YES;
				GCC_PREFIX_HEADER = "AgriPro Farmer/AgriPro Farmer-Prefix.pch";
				GCC_THUMB_SUPPORT = NO;
				GCC_VERSION = "";
				INFOPLIST_FILE = "AgriPro Farmer/AgriPro Farmer-Info.plist";
				IPHONEOS_DEPLOYMENT_TARGET = 11.0;
				LD_RUNPATH_SEARCH_PATHS = "$(inherited) @executable_path/Frameworks";
				PRODUCT_BUNDLE_IDENTIFIER = com.doublem.agripro;
				PRODUCT_NAME = "$(TARGET_NAME)";
				PROVISIONING_PROFILE_SPECIFIER = "";
				"PROVISIONING_PROFILE_SPECIFIER[sdk=iphoneos*]" = "AgriproFarmer.appstore-2";
				TARGETED_DEVICE_FAMILY = "1,2";
				VALIDATE_WORKSPACE = NO;
			};
			name = Release;
		};
		C01FCF4F08A954540054247B /* Debug */ = {
			isa = XCBuildConfiguration;
			baseConfigurationReference = 3047A5111AB8059700498E2A /* build.xcconfig */;
			buildSettings = {
				CLANG_ANALYZER_LOCALIZABILITY_NONLOCALIZED = YES;
				CLANG_ENABLE_MODULES = YES;
				CLANG_ENABLE_OBJC_ARC = YES;
				CLANG_WARN_BLOCK_CAPTURE_AUTORELEASING = YES;
				CLANG_WARN_BOOL_CONVERSION = YES;
				CLANG_WARN_COMMA = YES;
				CLANG_WARN_CONSTANT_CONVERSION = YES;
				CLANG_WARN_DEPRECATED_OBJC_IMPLEMENTATIONS = YES;
				CLANG_WARN_EMPTY_BODY = YES;
				CLANG_WARN_ENUM_CONVERSION = YES;
				CLANG_WARN_INFINITE_RECURSION = YES;
				CLANG_WARN_INT_CONVERSION = YES;
				CLANG_WARN_NON_LITERAL_NULL_CONVERSION = YES;
				CLANG_WARN_OBJC_IMPLICIT_RETAIN_SELF = YES;
				CLANG_WARN_OBJC_LITERAL_CONVERSION = YES;
				CLANG_WARN_RANGE_LOOP_ANALYSIS = YES;
				CLANG_WARN_STRICT_PROTOTYPES = YES;
				CLANG_WARN_SUSPICIOUS_MOVE = YES;
				CLANG_WARN_UNREACHABLE_CODE = YES;
				CLANG_WARN__DUPLICATE_METHOD_MATCH = YES;
				ENABLE_STRICT_OBJC_MSGSEND = YES;
				ENABLE_TESTABILITY = YES;
				GCC_C_LANGUAGE_STANDARD = c99;
				GCC_NO_COMMON_BLOCKS = YES;
				GCC_THUMB_SUPPORT = NO;
				GCC_VERSION = "";
				GCC_WARN_64_TO_32_BIT_CONVERSION = YES;
				GCC_WARN_ABOUT_RETURN_TYPE = YES;
				GCC_WARN_UNDECLARED_SELECTOR = YES;
				GCC_WARN_UNINITIALIZED_AUTOS = YES;
				GCC_WARN_UNUSED_FUNCTION = YES;
				GCC_WARN_UNUSED_VARIABLE = YES;
				IPHONEOS_DEPLOYMENT_TARGET = 11.0;
				LD_RUNPATH_SEARCH_PATHS = "$(inherited) @executable_path/Frameworks";
				ONLY_ACTIVE_ARCH = YES;
				SDKROOT = iphoneos;
				SKIP_INSTALL = NO;
				WK_WEB_VIEW_ONLY = 1;
			};
			name = Debug;
		};
		C01FCF5008A954540054247B /* Release */ = {
			isa = XCBuildConfiguration;
			baseConfigurationReference = 3047A5111AB8059700498E2A /* build.xcconfig */;
			buildSettings = {
				CLANG_ANALYZER_LOCALIZABILITY_NONLOCALIZED = YES;
				CLANG_ENABLE_MODULES = YES;
				CLANG_ENABLE_OBJC_ARC = YES;
				CLANG_WARN_BLOCK_CAPTURE_AUTORELEASING = YES;
				CLANG_WARN_BOOL_CONVERSION = YES;
				CLANG_WARN_COMMA = YES;
				CLANG_WARN_CONSTANT_CONVERSION = YES;
				CLANG_WARN_DEPRECATED_OBJC_IMPLEMENTATIONS = YES;
				CLANG_WARN_EMPTY_BODY = YES;
				CLANG_WARN_ENUM_CONVERSION = YES;
				CLANG_WARN_INFINITE_RECURSION = YES;
				CLANG_WARN_INT_CONVERSION = YES;
				CLANG_WARN_NON_LITERAL_NULL_CONVERSION = YES;
				CLANG_WARN_OBJC_IMPLICIT_RETAIN_SELF = YES;
				CLANG_WARN_OBJC_LITERAL_CONVERSION = YES;
				CLANG_WARN_RANGE_LOOP_ANALYSIS = YES;
				CLANG_WARN_STRICT_PROTOTYPES = YES;
				CLANG_WARN_SUSPICIOUS_MOVE = YES;
				CLANG_WARN_UNREACHABLE_CODE = YES;
				CLANG_WARN__DUPLICATE_METHOD_MATCH = YES;
				ENABLE_STRICT_OBJC_MSGSEND = YES;
				GCC_C_LANGUAGE_STANDARD = c99;
				GCC_NO_COMMON_BLOCKS = YES;
				GCC_THUMB_SUPPORT = NO;
				GCC_VERSION = "";
				GCC_WARN_64_TO_32_BIT_CONVERSION = YES;
				GCC_WARN_ABOUT_RETURN_TYPE = YES;
				GCC_WARN_UNDECLARED_SELECTOR = YES;
				GCC_WARN_UNINITIALIZED_AUTOS = YES;
				GCC_WARN_UNUSED_FUNCTION = YES;
				GCC_WARN_UNUSED_VARIABLE = YES;
				IPHONEOS_DEPLOYMENT_TARGET = 11.0;
				LD_RUNPATH_SEARCH_PATHS = "$(inherited) @executable_path/Frameworks";
				SDKROOT = iphoneos;
				SKIP_INSTALL = NO;
				WK_WEB_VIEW_ONLY = 1;
			};
			name = Release;
		};
/* End XCBuildConfiguration section */

/* Begin XCConfigurationList section */
		1D6058960D05DD3E006BFB54 /* Build configuration list for PBXNativeTarget "AgriPro Farmer" */ = {
			isa = XCConfigurationList;
			buildConfigurations = (
				1D6058940D05DD3E006BFB54 /* Debug */,
				1D6058950D05DD3E006BFB54 /* Release */,
			);
			defaultConfigurationIsVisible = 0;
			defaultConfigurationName = Release;
		};
		C01FCF4E08A954540054247B /* Build configuration list for PBXProject "AgriPro Farmer" */ = {
			isa = XCConfigurationList;
			buildConfigurations = (
				C01FCF4F08A954540054247B /* Debug */,
				C01FCF5008A954540054247B /* Release */,
			);
			defaultConfigurationIsVisible = 0;
			defaultConfigurationName = Release;
		};
/* End XCConfigurationList section */
	};
	rootObject = 29B97313FDCFA39411CA2CEA /* Project object */;
}
